<?xml version="1.0" encoding="utf-8"?>
<Project ToolsVersion="4.0" xmlns="http://schemas.microsoft.com/developer/msbuild/2003">
  <ItemGroup>
    <Filter Include="Source Files">
      <UniqueIdentifier>{a4def784-78c8-480c-a860-f39c9492be36}</UniqueIdentifier>
    </Filter>
    <Filter Include="Header Files">
      <UniqueIdentifier>{869005f3-359e-4f7f-be39-0b2a8aa84a25}</UniqueIdentifier>
    </Filter>
    <Filter Include="Libraries">
      <UniqueIdentifier>{97a017d3-c008-4e9c-8f94-d963dc0758fb}</UniqueIdentifier>
    </Filter>
  </ItemGroup>
  <ItemGroup>
    <Library Include="lib\OpenLog-Release-v1.0.0.lib" />
    <Library Include="lib\OpenLog-Debug-v1.0.0.lib" />
    <Library Include="lib\Utilities-Debug-v1.1.0.lib" />
    <Library Include="lib\Utilities-Release-v1.1.0.lib" />
    <Library Include="lib\LAS-Module-API-Debug.lib" />
  </ItemGroup>
  <ItemGroup>
    <ClCompile Include="src\_MAIN.cpp" />
    <ClCompile Include="src\Application.cpp" />
    <ClCompile Include="src\Log Manager\LogManager.cpp" />
  </ItemGroup>
  <ItemGroup>
    <ClInclude Include="src\Application.h" />
    <ClInclude Include="src\Utilities\FileSystem.h" />
    <ClInclude Include="include\OpenLog.h" />
    <ClInclude Include="src\Log Manager\LogManager.h" />
    <ClInclude Include="src\Utilities\DateTime.h" />
    <ClInclude Include="src\Utilities\Utilities.h" />
    <ClInclude Include="include\Utilities\UTL_DateTime.h" />
    <ClInclude Include="include\Utilities\UTL_Files.h" />
    <ClInclude Include="include\Utilities\UTL_json.h" />
    <ClInclude Include="include\Utilities\UTL_Settings.h" />
    <ClInclude Include="include\Utilities\UTL_Text.h" />
    <ClInclude Include="include\OpenLog\OpenLog.h" />
    <ClInclude Include="include\Utilities\UTL_LAS.h" />
    <ClInclude Include="include\LAS-Module-API.h" />
    <ClInclude Include="include\DearImGUI\imconfig.h" />
    <ClInclude Include="include\DearImGUI\imgui.h" />
    <ClInclude Include="include\DearImGUI\imgui_impl_glfw.h" />
    <ClInclude Include="include\DearImGUI\imgui_impl_opengl3.h" />
    <ClInclude Include="include\DearImGUI\imgui_impl_opengl3_loader.h" />
    <ClInclude Include="include\DearImGUI\imgui_internal.h" />
    <ClInclude Include="include\DearImGUI\imgui_mods.h" />
    <ClInclude Include="include\DearImGUI\imstb_rectpack.h" />
    <ClInclude Include="include\DearImGUI\imstb_textedit.h" />
    <ClInclude Include="include\DearImGUI\imstb_truetype.h" />
    <ClInclude Include="include\glad\glad.h" />
    <ClInclude Include="include\GLFW\glfw3.h" />
    <ClInclude Include="include\GLFW\glfw3native.h" />
    <ClInclude Include="include\KHR\khrplatform.h" />
  </ItemGroup>
  <ItemGroup>
    <None Include="src\Modules\imgui.ini" />
  </ItemGroup>
</Project>